Microsoft Visual Studio Solution File, Format Version 12.00
# Visual Studio Version 17
VisualStudioVersion = 17.2.32210.308
MinimumVisualStudioVersion = 15.0.26124.0
Project("{2150E333-8FDC-42A3-9474-1A3956D46DE8}") = "Source", "Source", "{13295C04-E68A-430E-8CB5-9C8BF1E3AF5B}"
EndProject
Project("{2150E333-8FDC-42A3-9474-1A3956D46DE8}") = "Platforms", "Platforms", "{18578E46-5B00-4E55-9E37-7A5A1E9FA6E7}"
EndProject
Project("{2150E333-8FDC-42A3-9474-1A3956D46DE8}") = "Backend", "Backend", "{343C0616-CF7D-4D23-80DE-2935FAD0507D}"
EndProject
Project("{2150E333-8FDC-42A3-9474-1A3956D46DE8}") = "Tests", "Tests", "{8FEBC52E-6940-4DD6-A681-6B0C86F7E17B}"
EndProject
Project("{9A19103F-16F7-4668-BE54-9A1E7A4F7556}") = "Hello.Uno", "Hello.Uno\Hello.Uno.csproj", "{90F5DE8C-E580-4162-8760-0BC28EBCAB7F}"
EndProject
Project("{9A19103F-16F7-4668-BE54-9A1E7A4F7556}") = "Hello.Uno.Base", "Hello.Uno.Base\Hello.Uno.Base.csproj", "{2189102C-8698-4760-A2C5-ADED686F84E2}"
EndProject
Project("{9A19103F-16F7-4668-BE54-9A1E7A4F7556}") = "Hello.Uno.Mobile", "Hello.Uno.Mobile\Hello.Uno.Mobile.csproj", "{2D8C6CE8-3D44-42D4-B275-1DF45CCB8520}"
EndProject
Project("{9A19103F-16F7-4668-BE54-9A1E7A4F7556}") = "Hello.Uno.Wasm", "Hello.Uno.Wasm\Hello.Uno.Wasm.csproj", "{F002617A-5900-4C10-B129-8E9AD205C74B}"
EndProject
Project("{9A19103F-16F7-4668-BE54-9A1E7A4F7556}") = "Hello.Uno.Skia.Gtk", "Hello.Uno.Skia.Gtk\Hello.Uno.Skia.Gtk.csproj", "{B3D1D1C2-2E8F-4A8C-B47B-8F3F90726DAD}"
EndProject
Project("{9A19103F-16F7-4668-BE54-9A1E7A4F7556}") = "Hello.Uno.Windows", "Hello.Uno.Windows\Hello.Uno.Windows.csproj", "{5CFAA1E8-800B-4BBC-9DB4-FDD90F238822}"
EndProject
Project("{9A19103F-16F7-4668-BE54-9A1E7A4F7556}") = "Hello.Uno.Server", "Hello.Uno.Server\Hello.Uno.Server.csproj", "{06B999F8-C758-4AE8-8C1F-B8658114C5B5}"
EndProject
Project("{9A19103F-16F7-4668-BE54-9A1E7A4F7556}") = "Hello.Uno.DataContracts", "Hello.Uno.DataContracts\Hello.Uno.DataContracts.csproj", "{82824619-6A76-44E9-96D1-17AB1B7E2F43}"
EndProject
Project("{9A19103F-16F7-4668-BE54-9A1E7A4F7556}") = "Hello.Uno.Tests", "Hello.Uno.Tests\Hello.Uno.Tests.csproj", "{DC90394C-D680-4046-B86A-F8C89837ECA7}"
EndProject
Project("{9A19103F-16F7-4668-BE54-9A1E7A4F7556}") = "Hello.Uno.UITests", "Hello.Uno.UITests\Hello.Uno.UITests.csproj", "{C59D9A6C-F5CB-47DC-A017-026D1BE3ADFD}"
EndProject
Project("{2150E333-8FDC-42A3-9474-1A3956D46DE8}") = "Solution Items", "Solution Items", "{BADA71DC-7FFD-4EDC-9F28-FB74AEADC713}"
	ProjectSection(SolutionItems) = preProject
		.gitignore = .gitignore
		.github\workflows\azure-static-web-apps-happy-grass-0ac227f0f.yml = .github\workflows\azure-static-web-apps-happy-grass-0ac227f0f.yml
		Directory.Build.props = Directory.Build.props
		Directory.Build.targets = Directory.Build.targets
		Directory.Packages.props = Directory.Packages.props
		solution-config.props.sample = solution-config.props.sample
	EndProjectSection
EndProject
Global
	GlobalSection(SolutionConfigurationPlatforms) = preSolution
		Debug|Any CPU = Debug|Any CPU
		Debug|ARM = Debug|ARM
		Debug|ARM64 = Debug|ARM64
		Debug|iPhone = Debug|iPhone
		Debug|iPhoneSimulator = Debug|iPhoneSimulator
		Debug|x64 = Debug|x64
		Debug|x86 = Debug|x86
		Release|Any CPU = Release|Any CPU
		Release|ARM = Release|ARM
		Release|ARM64 = Release|ARM64
		Release|iPhone = Release|iPhone
		Release|iPhoneSimulator = Release|iPhoneSimulator
		Release|x64 = Release|x64
		Release|x86 = Release|x86
	EndGlobalSection
	GlobalSection(ProjectConfigurationPlatforms) = postSolution
		{90F5DE8C-E580-4162-8760-0BC28EBCAB7F}.Debug|Any CPU.ActiveCfg = Debug|Any CPU
		{90F5DE8C-E580-4162-8760-0BC28EBCAB7F}.Debug|Any CPU.Build.0 = Debug|Any CPU
		{90F5DE8C-E580-4162-8760-0BC28EBCAB7F}.Debug|ARM.ActiveCfg = Debug|Any CPU
		{90F5DE8C-E580-4162-8760-0BC28EBCAB7F}.Debug|ARM.Build.0 = Debug|Any CPU
		{90F5DE8C-E580-4162-8760-0BC28EBCAB7F}.Debug|ARM64.ActiveCfg = Debug|Any CPU
		{90F5DE8C-E580-4162-8760-0BC28EBCAB7F}.Debug|ARM64.Build.0 = Debug|Any CPU
		{90F5DE8C-E580-4162-8760-0BC28EBCAB7F}.Debug|iPhone.ActiveCfg = Debug|Any CPU
		{90F5DE8C-E580-4162-8760-0BC28EBCAB7F}.Debug|iPhone.Build.0 = Debug|Any CPU
		{90F5DE8C-E580-4162-8760-0BC28EBCAB7F}.Debug|iPhoneSimulator.ActiveCfg = Debug|Any CPU
		{90F5DE8C-E580-4162-8760-0BC28EBCAB7F}.Debug|iPhoneSimulator.Build.0 = Debug|Any CPU
		{90F5DE8C-E580-4162-8760-0BC28EBCAB7F}.Debug|x64.ActiveCfg = Debug|Any CPU
		{90F5DE8C-E580-4162-8760-0BC28EBCAB7F}.Debug|x64.Build.0 = Debug|Any CPU
		{90F5DE8C-E580-4162-8760-0BC28EBCAB7F}.Debug|x86.ActiveCfg = Debug|Any CPU
		{90F5DE8C-E580-4162-8760-0BC28EBCAB7F}.Debug|x86.Build.0 = Debug|Any CPU
		{90F5DE8C-E580-4162-8760-0BC28EBCAB7F}.Release|Any CPU.ActiveCfg = Release|Any CPU
		{90F5DE8C-E580-4162-8760-0BC28EBCAB7F}.Release|Any CPU.Build.0 = Release|Any CPU
		{90F5DE8C-E580-4162-8760-0BC28EBCAB7F}.Release|ARM.ActiveCfg = Release|Any CPU
		{90F5DE8C-E580-4162-8760-0BC28EBCAB7F}.Release|ARM.Build.0 = Release|Any CPU
		{90F5DE8C-E580-4162-8760-0BC28EBCAB7F}.Release|ARM64.ActiveCfg = Release|Any CPU
		{90F5DE8C-E580-4162-8760-0BC28EBCAB7F}.Release|ARM64.Build.0 = Release|Any CPU
		{90F5DE8C-E580-4162-8760-0BC28EBCAB7F}.Release|iPhone.ActiveCfg = Release|Any CPU
		{90F5DE8C-E580-4162-8760-0BC28EBCAB7F}.Release|iPhone.Build.0 = Release|Any CPU
		{90F5DE8C-E580-4162-8760-0BC28EBCAB7F}.Release|iPhoneSimulator.ActiveCfg = Release|Any CPU
		{90F5DE8C-E580-4162-8760-0BC28EBCAB7F}.Release|iPhoneSimulator.Build.0 = Release|Any CPU
		{90F5DE8C-E580-4162-8760-0BC28EBCAB7F}.Release|x64.ActiveCfg = Release|Any CPU
		{90F5DE8C-E580-4162-8760-0BC28EBCAB7F}.Release|x64.Build.0 = Release|Any CPU
		{90F5DE8C-E580-4162-8760-0BC28EBCAB7F}.Release|x86.ActiveCfg = Release|Any CPU
		{90F5DE8C-E580-4162-8760-0BC28EBCAB7F}.Release|x86.Build.0 = Release|Any CPU
		{2189102C-8698-4760-A2C5-ADED686F84E2}.Debug|Any CPU.ActiveCfg = Debug|Any CPU
		{2189102C-8698-4760-A2C5-ADED686F84E2}.Debug|Any CPU.Build.0 = Debug|Any CPU
		{2189102C-8698-4760-A2C5-ADED686F84E2}.Debug|ARM.ActiveCfg = Debug|Any CPU
		{2189102C-8698-4760-A2C5-ADED686F84E2}.Debug|ARM.Build.0 = Debug|Any CPU
		{2189102C-8698-4760-A2C5-ADED686F84E2}.Debug|ARM64.ActiveCfg = Debug|Any CPU
		{2189102C-8698-4760-A2C5-ADED686F84E2}.Debug|ARM64.Build.0 = Debug|Any CPU
		{2189102C-8698-4760-A2C5-ADED686F84E2}.Debug|iPhone.ActiveCfg = Debug|Any CPU
		{2189102C-8698-4760-A2C5-ADED686F84E2}.Debug|iPhone.Build.0 = Debug|Any CPU
		{2189102C-8698-4760-A2C5-ADED686F84E2}.Debug|iPhoneSimulator.ActiveCfg = Debug|Any CPU
		{2189102C-8698-4760-A2C5-ADED686F84E2}.Debug|iPhoneSimulator.Build.0 = Debug|Any CPU
		{2189102C-8698-4760-A2C5-ADED686F84E2}.Debug|x64.ActiveCfg = Debug|Any CPU
		{2189102C-8698-4760-A2C5-ADED686F84E2}.Debug|x64.Build.0 = Debug|Any CPU
		{2189102C-8698-4760-A2C5-ADED686F84E2}.Debug|x86.ActiveCfg = Debug|Any CPU
		{2189102C-8698-4760-A2C5-ADED686F84E2}.Debug|x86.Build.0 = Debug|Any CPU
		{2189102C-8698-4760-A2C5-ADED686F84E2}.Release|Any CPU.ActiveCfg = Release|Any CPU
		{2189102C-8698-4760-A2C5-ADED686F84E2}.Release|Any CPU.Build.0 = Release|Any CPU
		{2189102C-8698-4760-A2C5-ADED686F84E2}.Release|ARM.ActiveCfg = Release|Any CPU
		{2189102C-8698-4760-A2C5-ADED686F84E2}.Release|ARM.Build.0 = Release|Any CPU
		{2189102C-8698-4760-A2C5-ADED686F84E2}.Release|ARM64.ActiveCfg = Release|Any CPU
		{2189102C-8698-4760-A2C5-ADED686F84E2}.Release|ARM64.Build.0 = Release|Any CPU
		{2189102C-8698-4760-A2C5-ADED686F84E2}.Release|iPhone.ActiveCfg = Release|Any CPU
		{2189102C-8698-4760-A2C5-ADED686F84E2}.Release|iPhone.Build.0 = Release|Any CPU
		{2189102C-8698-4760-A2C5-ADED686F84E2}.Release|iPhoneSimulator.ActiveCfg = Release|Any CPU
		{2189102C-8698-4760-A2C5-ADED686F84E2}.Release|iPhoneSimulator.Build.0 = Release|Any CPU
		{2189102C-8698-4760-A2C5-ADED686F84E2}.Release|x64.ActiveCfg = Release|Any CPU
		{2189102C-8698-4760-A2C5-ADED686F84E2}.Release|x64.Build.0 = Release|Any CPU
		{2189102C-8698-4760-A2C5-ADED686F84E2}.Release|x86.ActiveCfg = Release|Any CPU
		{2189102C-8698-4760-A2C5-ADED686F84E2}.Release|x86.Build.0 = Release|Any CPU
		{2D8C6CE8-3D44-42D4-B275-1DF45CCB8520}.Debug|Any CPU.ActiveCfg = Debug|Any CPU
		{2D8C6CE8-3D44-42D4-B275-1DF45CCB8520}.Debug|Any CPU.Build.0 = Debug|Any CPU
		{2D8C6CE8-3D44-42D4-B275-1DF45CCB8520}.Debug|Any CPU.Deploy.0 = Debug|Any CPU
		{2D8C6CE8-3D44-42D4-B275-1DF45CCB8520}.Debug|ARM.ActiveCfg = Debug|Any CPU
		{2D8C6CE8-3D44-42D4-B275-1DF45CCB8520}.Debug|ARM.Build.0 = Debug|Any CPU
		{2D8C6CE8-3D44-42D4-B275-1DF45CCB8520}.Debug|ARM.Deploy.0 = Debug|Any CPU
		{2D8C6CE8-3D44-42D4-B275-1DF45CCB8520}.Debug|ARM64.ActiveCfg = Debug|Any CPU
		{2D8C6CE8-3D44-42D4-B275-1DF45CCB8520}.Debug|ARM64.Build.0 = Debug|Any CPU
		{2D8C6CE8-3D44-42D4-B275-1DF45CCB8520}.Debug|ARM64.Deploy.0 = Debug|Any CPU
		{2D8C6CE8-3D44-42D4-B275-1DF45CCB8520}.Debug|iPhone.ActiveCfg = Debug|Any CPU
		{2D8C6CE8-3D44-42D4-B275-1DF45CCB8520}.Debug|iPhone.Build.0 = Debug|Any CPU
		{2D8C6CE8-3D44-42D4-B275-1DF45CCB8520}.Debug|iPhone.Deploy.0 = Debug|Any CPU
		{2D8C6CE8-3D44-42D4-B275-1DF45CCB8520}.Debug|iPhoneSimulator.ActiveCfg = Debug|Any CPU
		{2D8C6CE8-3D44-42D4-B275-1DF45CCB8520}.Debug|iPhoneSimulator.Build.0 = Debug|Any CPU
		{2D8C6CE8-3D44-42D4-B275-1DF45CCB8520}.Debug|iPhoneSimulator.Deploy.0 = Debug|Any CPU
		{2D8C6CE8-3D44-42D4-B275-1DF45CCB8520}.Debug|x64.ActiveCfg = Debug|Any CPU
		{2D8C6CE8-3D44-42D4-B275-1DF45CCB8520}.Debug|x64.Build.0 = Debug|Any CPU
		{2D8C6CE8-3D44-42D4-B275-1DF45CCB8520}.Debug|x64.Deploy.0 = Debug|Any CPU
		{2D8C6CE8-3D44-42D4-B275-1DF45CCB8520}.Debug|x86.ActiveCfg = Debug|Any CPU
		{2D8C6CE8-3D44-42D4-B275-1DF45CCB8520}.Debug|x86.Build.0 = Debug|Any CPU
		{2D8C6CE8-3D44-42D4-B275-1DF45CCB8520}.Debug|x86.Deploy.0 = Debug|Any CPU
		{2D8C6CE8-3D44-42D4-B275-1DF45CCB8520}.Release|Any CPU.ActiveCfg = Release|Any CPU
		{2D8C6CE8-3D44-42D4-B275-1DF45CCB8520}.Release|Any CPU.Build.0 = Release|Any CPU
		{2D8C6CE8-3D44-42D4-B275-1DF45CCB8520}.Release|Any CPU.Deploy.0 = Release|Any CPU
		{2D8C6CE8-3D44-42D4-B275-1DF45CCB8520}.Release|ARM.ActiveCfg = Release|Any CPU
		{2D8C6CE8-3D44-42D4-B275-1DF45CCB8520}.Release|ARM.Build.0 = Release|Any CPU
		{2D8C6CE8-3D44-42D4-B275-1DF45CCB8520}.Release|ARM.Deploy.0 = Release|Any CPU
		{2D8C6CE8-3D44-42D4-B275-1DF45CCB8520}.Release|ARM64.ActiveCfg = Release|Any CPU
		{2D8C6CE8-3D44-42D4-B275-1DF45CCB8520}.Release|ARM64.Build.0 = Release|Any CPU
		{2D8C6CE8-3D44-42D4-B275-1DF45CCB8520}.Release|ARM64.Deploy.0 = Release|Any CPU
		{2D8C6CE8-3D44-42D4-B275-1DF45CCB8520}.Release|iPhone.ActiveCfg = Release|Any CPU
		{2D8C6CE8-3D44-42D4-B275-1DF45CCB8520}.Release|iPhone.Build.0 = Release|Any CPU
		{2D8C6CE8-3D44-42D4-B275-1DF45CCB8520}.Release|iPhone.Deploy.0 = Release|Any CPU
		{2D8C6CE8-3D44-42D4-B275-1DF45CCB8520}.Release|iPhoneSimulator.ActiveCfg = Release|Any CPU
		{2D8C6CE8-3D44-42D4-B275-1DF45CCB8520}.Release|iPhoneSimulator.Build.0 = Release|Any CPU
		{2D8C6CE8-3D44-42D4-B275-1DF45CCB8520}.Release|iPhoneSimulator.Deploy.0 = Release|Any CPU
		{2D8C6CE8-3D44-42D4-B275-1DF45CCB8520}.Release|x64.ActiveCfg = Release|Any CPU
		{2D8C6CE8-3D44-42D4-B275-1DF45CCB8520}.Release|x64.Build.0 = Release|Any CPU
		{2D8C6CE8-3D44-42D4-B275-1DF45CCB8520}.Release|x64.Deploy.0 = Release|Any CPU
		{2D8C6CE8-3D44-42D4-B275-1DF45CCB8520}.Release|x86.ActiveCfg = Release|Any CPU
		{2D8C6CE8-3D44-42D4-B275-1DF45CCB8520}.Release|x86.Build.0 = Release|Any CPU
		{2D8C6CE8-3D44-42D4-B275-1DF45CCB8520}.Release|x86.Deploy.0 = Release|Any CPU
		{F002617A-5900-4C10-B129-8E9AD205C74B}.Debug|Any CPU.ActiveCfg = Debug|Any CPU
		{F002617A-5900-4C10-B129-8E9AD205C74B}.Debug|Any CPU.Build.0 = Debug|Any CPU
		{F002617A-5900-4C10-B129-8E9AD205C74B}.Debug|ARM.ActiveCfg = Debug|Any CPU
		{F002617A-5900-4C10-B129-8E9AD205C74B}.Debug|ARM.Build.0 = Debug|Any CPU
		{F002617A-5900-4C10-B129-8E9AD205C74B}.Debug|ARM64.ActiveCfg = Debug|Any CPU
		{F002617A-5900-4C10-B129-8E9AD205C74B}.Debug|ARM64.Build.0 = Debug|Any CPU
		{F002617A-5900-4C10-B129-8E9AD205C74B}.Debug|iPhone.ActiveCfg = Debug|Any CPU
		{F002617A-5900-4C10-B129-8E9AD205C74B}.Debug|iPhone.Build.0 = Debug|Any CPU
		{F002617A-5900-4C10-B129-8E9AD205C74B}.Debug|iPhoneSimulator.ActiveCfg = Debug|Any CPU
		{F002617A-5900-4C10-B129-8E9AD205C74B}.Debug|iPhoneSimulator.Build.0 = Debug|Any CPU
		{F002617A-5900-4C10-B129-8E9AD205C74B}.Debug|x64.ActiveCfg = Debug|Any CPU
		{F002617A-5900-4C10-B129-8E9AD205C74B}.Debug|x64.Build.0 = Debug|Any CPU
		{F002617A-5900-4C10-B129-8E9AD205C74B}.Debug|x86.ActiveCfg = Debug|Any CPU
		{F002617A-5900-4C10-B129-8E9AD205C74B}.Debug|x86.Build.0 = Debug|Any CPU
		{F002617A-5900-4C10-B129-8E9AD205C74B}.Release|Any CPU.ActiveCfg = Release|Any CPU
		{F002617A-5900-4C10-B129-8E9AD205C74B}.Release|Any CPU.Build.0 = Release|Any CPU
		{F002617A-5900-4C10-B129-8E9AD205C74B}.Release|ARM.ActiveCfg = Release|Any CPU
		{F002617A-5900-4C10-B129-8E9AD205C74B}.Release|ARM.Build.0 = Release|Any CPU
		{F002617A-5900-4C10-B129-8E9AD205C74B}.Release|ARM64.ActiveCfg = Release|Any CPU
		{F002617A-5900-4C10-B129-8E9AD205C74B}.Release|ARM64.Build.0 = Release|Any CPU
		{F002617A-5900-4C10-B129-8E9AD205C74B}.Release|iPhone.ActiveCfg = Release|Any CPU
		{F002617A-5900-4C10-B129-8E9AD205C74B}.Release|iPhone.Build.0 = Release|Any CPU
		{F002617A-5900-4C10-B129-8E9AD205C74B}.Release|iPhoneSimulator.ActiveCfg = Release|Any CPU
		{F002617A-5900-4C10-B129-8E9AD205C74B}.Release|iPhoneSimulator.Build.0 = Release|Any CPU
		{F002617A-5900-4C10-B129-8E9AD205C74B}.Release|x64.ActiveCfg = Release|Any CPU
		{F002617A-5900-4C10-B129-8E9AD205C74B}.Release|x64.Build.0 = Release|Any CPU
		{F002617A-5900-4C10-B129-8E9AD205C74B}.Release|x86.ActiveCfg = Release|Any CPU
		{F002617A-5900-4C10-B129-8E9AD205C74B}.Release|x86.Build.0 = Release|Any CPU
		{B3D1D1C2-2E8F-4A8C-B47B-8F3F90726DAD}.Debug|Any CPU.ActiveCfg = Debug|Any CPU
		{B3D1D1C2-2E8F-4A8C-B47B-8F3F90726DAD}.Debug|Any CPU.Build.0 = Debug|Any CPU
		{B3D1D1C2-2E8F-4A8C-B47B-8F3F90726DAD}.Debug|ARM.ActiveCfg = Debug|Any CPU
		{B3D1D1C2-2E8F-4A8C-B47B-8F3F90726DAD}.Debug|ARM.Build.0 = Debug|Any CPU
		{B3D1D1C2-2E8F-4A8C-B47B-8F3F90726DAD}.Debug|ARM64.ActiveCfg = Debug|Any CPU
		{B3D1D1C2-2E8F-4A8C-B47B-8F3F90726DAD}.Debug|ARM64.Build.0 = Debug|Any CPU
		{B3D1D1C2-2E8F-4A8C-B47B-8F3F90726DAD}.Debug|iPhone.ActiveCfg = Debug|Any CPU
		{B3D1D1C2-2E8F-4A8C-B47B-8F3F90726DAD}.Debug|iPhone.Build.0 = Debug|Any CPU
		{B3D1D1C2-2E8F-4A8C-B47B-8F3F90726DAD}.Debug|iPhoneSimulator.ActiveCfg = Debug|Any CPU
		{B3D1D1C2-2E8F-4A8C-B47B-8F3F90726DAD}.Debug|iPhoneSimulator.Build.0 = Debug|Any CPU
		{B3D1D1C2-2E8F-4A8C-B47B-8F3F90726DAD}.Debug|x64.ActiveCfg = Debug|Any CPU
		{B3D1D1C2-2E8F-4A8C-B47B-8F3F90726DAD}.Debug|x64.Build.0 = Debug|Any CPU
		{B3D1D1C2-2E8F-4A8C-B47B-8F3F90726DAD}.Debug|x86.ActiveCfg = Debug|Any CPU
		{B3D1D1C2-2E8F-4A8C-B47B-8F3F90726DAD}.Debug|x86.Build.0 = Debug|Any CPU
		{B3D1D1C2-2E8F-4A8C-B47B-8F3F90726DAD}.Release|Any CPU.ActiveCfg = Release|Any CPU
		{B3D1D1C2-2E8F-4A8C-B47B-8F3F90726DAD}.Release|Any CPU.Build.0 = Release|Any CPU
		{B3D1D1C2-2E8F-4A8C-B47B-8F3F90726DAD}.Release|ARM.ActiveCfg = Release|Any CPU
		{B3D1D1C2-2E8F-4A8C-B47B-8F3F90726DAD}.Release|ARM.Build.0 = Release|Any CPU
		{B3D1D1C2-2E8F-4A8C-B47B-8F3F90726DAD}.Release|ARM64.ActiveCfg = Release|Any CPU
		{B3D1D1C2-2E8F-4A8C-B47B-8F3F90726DAD}.Release|ARM64.Build.0 = Release|Any CPU
		{B3D1D1C2-2E8F-4A8C-B47B-8F3F90726DAD}.Release|iPhone.ActiveCfg = Release|Any CPU
		{B3D1D1C2-2E8F-4A8C-B47B-8F3F90726DAD}.Release|iPhone.Build.0 = Release|Any CPU
		{B3D1D1C2-2E8F-4A8C-B47B-8F3F90726DAD}.Release|iPhoneSimulator.ActiveCfg = Release|Any CPU
		{B3D1D1C2-2E8F-4A8C-B47B-8F3F90726DAD}.Release|iPhoneSimulator.Build.0 = Release|Any CPU
		{B3D1D1C2-2E8F-4A8C-B47B-8F3F90726DAD}.Release|x64.ActiveCfg = Release|Any CPU
		{B3D1D1C2-2E8F-4A8C-B47B-8F3F90726DAD}.Release|x64.Build.0 = Release|Any CPU
		{B3D1D1C2-2E8F-4A8C-B47B-8F3F90726DAD}.Release|x86.ActiveCfg = Release|Any CPU
		{B3D1D1C2-2E8F-4A8C-B47B-8F3F90726DAD}.Release|x86.Build.0 = Release|Any CPU
		{5CFAA1E8-800B-4BBC-9DB4-FDD90F238822}.Debug|Any CPU.ActiveCfg = Debug|x64
		{5CFAA1E8-800B-4BBC-9DB4-FDD90F238822}.Debug|Any CPU.Build.0 = Debug|x64
		{5CFAA1E8-800B-4BBC-9DB4-FDD90F238822}.Debug|Any CPU.Deploy.0 = Debug|x64
		{5CFAA1E8-800B-4BBC-9DB4-FDD90F238822}.Debug|ARM.ActiveCfg = Debug|x64
		{5CFAA1E8-800B-4BBC-9DB4-FDD90F238822}.Debug|ARM.Build.0 = Debug|x64
		{5CFAA1E8-800B-4BBC-9DB4-FDD90F238822}.Debug|ARM.Deploy.0 = Debug|x64
		{5CFAA1E8-800B-4BBC-9DB4-FDD90F238822}.Debug|ARM64.ActiveCfg = Debug|arm64
		{5CFAA1E8-800B-4BBC-9DB4-FDD90F238822}.Debug|ARM64.Build.0 = Debug|arm64
		{5CFAA1E8-800B-4BBC-9DB4-FDD90F238822}.Debug|ARM64.Deploy.0 = Debug|arm64
		{5CFAA1E8-800B-4BBC-9DB4-FDD90F238822}.Debug|iPhone.ActiveCfg = Debug|x64
		{5CFAA1E8-800B-4BBC-9DB4-FDD90F238822}.Debug|iPhone.Build.0 = Debug|x64
		{5CFAA1E8-800B-4BBC-9DB4-FDD90F238822}.Debug|iPhone.Deploy.0 = Debug|x64
		{5CFAA1E8-800B-4BBC-9DB4-FDD90F238822}.Debug|iPhoneSimulator.ActiveCfg = Debug|x64
		{5CFAA1E8-800B-4BBC-9DB4-FDD90F238822}.Debug|iPhoneSimulator.Build.0 = Debug|x64
		{5CFAA1E8-800B-4BBC-9DB4-FDD90F238822}.Debug|iPhoneSimulator.Deploy.0 = Debug|x64
		{5CFAA1E8-800B-4BBC-9DB4-FDD90F238822}.Debug|x64.ActiveCfg = Debug|x64
		{5CFAA1E8-800B-4BBC-9DB4-FDD90F238822}.Debug|x64.Build.0 = Debug|x64
		{5CFAA1E8-800B-4BBC-9DB4-FDD90F238822}.Debug|x86.ActiveCfg = Debug|x86
		{5CFAA1E8-800B-4BBC-9DB4-FDD90F238822}.Debug|x86.Build.0 = Debug|x86
		{5CFAA1E8-800B-4BBC-9DB4-FDD90F238822}.Release|Any CPU.ActiveCfg = Release|x64
		{5CFAA1E8-800B-4BBC-9DB4-FDD90F238822}.Release|Any CPU.Build.0 = Release|x64
		{5CFAA1E8-800B-4BBC-9DB4-FDD90F238822}.Release|Any CPU.Deploy.0 = Release|x64
		{5CFAA1E8-800B-4BBC-9DB4-FDD90F238822}.Release|ARM.ActiveCfg = Release|x64
		{5CFAA1E8-800B-4BBC-9DB4-FDD90F238822}.Release|ARM.Build.0 = Release|x64
		{5CFAA1E8-800B-4BBC-9DB4-FDD90F238822}.Release|ARM64.ActiveCfg = Release|arm64
		{5CFAA1E8-800B-4BBC-9DB4-FDD90F238822}.Release|ARM64.Build.0 = Release|arm64
		{5CFAA1E8-800B-4BBC-9DB4-FDD90F238822}.Release|iPhone.ActiveCfg = Release|x64
		{5CFAA1E8-800B-4BBC-9DB4-FDD90F238822}.Release|iPhone.Build.0 = Release|x64
		{5CFAA1E8-800B-4BBC-9DB4-FDD90F238822}.Release|iPhoneSimulator.ActiveCfg = Release|x64
		{5CFAA1E8-800B-4BBC-9DB4-FDD90F238822}.Release|iPhoneSimulator.Build.0 = Release|x64
		{5CFAA1E8-800B-4BBC-9DB4-FDD90F238822}.Release|x64.ActiveCfg = Release|x64
		{5CFAA1E8-800B-4BBC-9DB4-FDD90F238822}.Release|x64.Build.0 = Release|x64
		{5CFAA1E8-800B-4BBC-9DB4-FDD90F238822}.Release|x86.ActiveCfg = Release|x86
		{5CFAA1E8-800B-4BBC-9DB4-FDD90F238822}.Release|x86.Build.0 = Release|x86
		{06B999F8-C758-4AE8-8C1F-B8658114C5B5}.Debug|Any CPU.ActiveCfg = Debug|Any CPU
		{06B999F8-C758-4AE8-8C1F-B8658114C5B5}.Debug|Any CPU.Build.0 = Debug|Any CPU
		{06B999F8-C758-4AE8-8C1F-B8658114C5B5}.Debug|ARM.ActiveCfg = Debug|Any CPU
		{06B999F8-C758-4AE8-8C1F-B8658114C5B5}.Debug|ARM.Build.0 = Debug|Any CPU
		{06B999F8-C758-4AE8-8C1F-B8658114C5B5}.Debug|ARM64.ActiveCfg = Debug|Any CPU
		{06B999F8-C758-4AE8-8C1F-B8658114C5B5}.Debug|ARM64.Build.0 = Debug|Any CPU
		{06B999F8-C758-4AE8-8C1F-B8658114C5B5}.Debug|iPhone.ActiveCfg = Debug|Any CPU
		{06B999F8-C758-4AE8-8C1F-B8658114C5B5}.Debug|iPhone.Build.0 = Debug|Any CPU
		{06B999F8-C758-4AE8-8C1F-B8658114C5B5}.Debug|iPhoneSimulator.ActiveCfg = Debug|Any CPU
		{06B999F8-C758-4AE8-8C1F-B8658114C5B5}.Debug|iPhoneSimulator.Build.0 = Debug|Any CPU
		{06B999F8-C758-4AE8-8C1F-B8658114C5B5}.Debug|x64.ActiveCfg = Debug|Any CPU
		{06B999F8-C758-4AE8-8C1F-B8658114C5B5}.Debug|x64.Build.0 = Debug|Any CPU
		{06B999F8-C758-4AE8-8C1F-B8658114C5B5}.Debug|x86.ActiveCfg = Debug|Any CPU
		{06B999F8-C758-4AE8-8C1F-B8658114C5B5}.Debug|x86.Build.0 = Debug|Any CPU
		{06B999F8-C758-4AE8-8C1F-B8658114C5B5}.Release|Any CPU.ActiveCfg = Release|Any CPU
		{06B999F8-C758-4AE8-8C1F-B8658114C5B5}.Release|Any CPU.Build.0 = Release|Any CPU
		{06B999F8-C758-4AE8-8C1F-B8658114C5B5}.Release|ARM.ActiveCfg = Release|Any CPU
		{06B999F8-C758-4AE8-8C1F-B8658114C5B5}.Release|ARM.Build.0 = Release|Any CPU
		{06B999F8-C758-4AE8-8C1F-B8658114C5B5}.Release|ARM64.ActiveCfg = Release|Any CPU
		{06B999F8-C758-4AE8-8C1F-B8658114C5B5}.Release|ARM64.Build.0 = Release|Any CPU
		{06B999F8-C758-4AE8-8C1F-B8658114C5B5}.Release|iPhone.ActiveCfg = Release|Any CPU
		{06B999F8-C758-4AE8-8C1F-B8658114C5B5}.Release|iPhone.Build.0 = Release|Any CPU
		{06B999F8-C758-4AE8-8C1F-B8658114C5B5}.Release|iPhoneSimulator.ActiveCfg = Release|Any CPU
		{06B999F8-C758-4AE8-8C1F-B8658114C5B5}.Release|iPhoneSimulator.Build.0 = Release|Any CPU
		{06B999F8-C758-4AE8-8C1F-B8658114C5B5}.Release|x64.ActiveCfg = Release|Any CPU
		{06B999F8-C758-4AE8-8C1F-B8658114C5B5}.Release|x64.Build.0 = Release|Any CPU
		{06B999F8-C758-4AE8-8C1F-B8658114C5B5}.Release|x86.ActiveCfg = Release|Any CPU
		{06B999F8-C758-4AE8-8C1F-B8658114C5B5}.Release|x86.Build.0 = Release|Any CPU
		{82824619-6A76-44E9-96D1-17AB1B7E2F43}.Debug|Any CPU.ActiveCfg = Debug|Any CPU
		{82824619-6A76-44E9-96D1-17AB1B7E2F43}.Debug|Any CPU.Build.0 = Debug|Any CPU
		{82824619-6A76-44E9-96D1-17AB1B7E2F43}.Debug|ARM.ActiveCfg = Debug|Any CPU
		{82824619-6A76-44E9-96D1-17AB1B7E2F43}.Debug|ARM.Build.0 = Debug|Any CPU
		{82824619-6A76-44E9-96D1-17AB1B7E2F43}.Debug|ARM64.ActiveCfg = Debug|Any CPU
		{82824619-6A76-44E9-96D1-17AB1B7E2F43}.Debug|ARM64.Build.0 = Debug|Any CPU
		{82824619-6A76-44E9-96D1-17AB1B7E2F43}.Debug|iPhone.ActiveCfg = Debug|Any CPU
		{82824619-6A76-44E9-96D1-17AB1B7E2F43}.Debug|iPhone.Build.0 = Debug|Any CPU
		{82824619-6A76-44E9-96D1-17AB1B7E2F43}.Debug|iPhoneSimulator.ActiveCfg = Debug|Any CPU
		{82824619-6A76-44E9-96D1-17AB1B7E2F43}.Debug|iPhoneSimulator.Build.0 = Debug|Any CPU
		{82824619-6A76-44E9-96D1-17AB1B7E2F43}.Debug|x64.ActiveCfg = Debug|Any CPU
		{82824619-6A76-44E9-96D1-17AB1B7E2F43}.Debug|x64.Build.0 = Debug|Any CPU
		{82824619-6A76-44E9-96D1-17AB1B7E2F43}.Debug|x86.ActiveCfg = Debug|Any CPU
		{82824619-6A76-44E9-96D1-17AB1B7E2F43}.Debug|x86.Build.0 = Debug|Any CPU
		{82824619-6A76-44E9-96D1-17AB1B7E2F43}.Release|Any CPU.ActiveCfg = Release|Any CPU
		{82824619-6A76-44E9-96D1-17AB1B7E2F43}.Release|Any CPU.Build.0 = Release|Any CPU
		{82824619-6A76-44E9-96D1-17AB1B7E2F43}.Release|ARM.ActiveCfg = Release|Any CPU
		{82824619-6A76-44E9-96D1-17AB1B7E2F43}.Release|ARM.Build.0 = Release|Any CPU
		{82824619-6A76-44E9-96D1-17AB1B7E2F43}.Release|ARM64.ActiveCfg = Release|Any CPU
		{82824619-6A76-44E9-96D1-17AB1B7E2F43}.Release|ARM64.Build.0 = Release|Any CPU
		{82824619-6A76-44E9-96D1-17AB1B7E2F43}.Release|iPhone.ActiveCfg = Release|Any CPU
		{82824619-6A76-44E9-96D1-17AB1B7E2F43}.Release|iPhone.Build.0 = Release|Any CPU
		{82824619-6A76-44E9-96D1-17AB1B7E2F43}.Release|iPhoneSimulator.ActiveCfg = Release|Any CPU
		{82824619-6A76-44E9-96D1-17AB1B7E2F43}.Release|iPhoneSimulator.Build.0 = Release|Any CPU
		{82824619-6A76-44E9-96D1-17AB1B7E2F43}.Release|x64.ActiveCfg = Release|Any CPU
		{82824619-6A76-44E9-96D1-17AB1B7E2F43}.Release|x64.Build.0 = Release|Any CPU
		{82824619-6A76-44E9-96D1-17AB1B7E2F43}.Release|x86.ActiveCfg = Release|Any CPU
		{82824619-6A76-44E9-96D1-17AB1B7E2F43}.Release|x86.Build.0 = Release|Any CPU
		{DC90394C-D680-4046-B86A-F8C89837ECA7}.Debug|Any CPU.ActiveCfg = Debug|Any CPU
		{DC90394C-D680-4046-B86A-F8C89837ECA7}.Debug|Any CPU.Build.0 = Debug|Any CPU
		{DC90394C-D680-4046-B86A-F8C89837ECA7}.Debug|ARM.ActiveCfg = Debug|Any CPU
		{DC90394C-D680-4046-B86A-F8C89837ECA7}.Debug|ARM.Build.0 = Debug|Any CPU
		{DC90394C-D680-4046-B86A-F8C89837ECA7}.Debug|ARM64.ActiveCfg = Debug|Any CPU
		{DC90394C-D680-4046-B86A-F8C89837ECA7}.Debug|ARM64.Build.0 = Debug|Any CPU
		{DC90394C-D680-4046-B86A-F8C89837ECA7}.Debug|iPhone.ActiveCfg = Debug|Any CPU
		{DC90394C-D680-4046-B86A-F8C89837ECA7}.Debug|iPhone.Build.0 = Debug|Any CPU
		{DC90394C-D680-4046-B86A-F8C89837ECA7}.Debug|iPhoneSimulator.ActiveCfg = Debug|Any CPU
		{DC90394C-D680-4046-B86A-F8C89837ECA7}.Debug|iPhoneSimulator.Build.0 = Debug|Any CPU
		{DC90394C-D680-4046-B86A-F8C89837ECA7}.Debug|x64.ActiveCfg = Debug|Any CPU
		{DC90394C-D680-4046-B86A-F8C89837ECA7}.Debug|x64.Build.0 = Debug|Any CPU
		{DC90394C-D680-4046-B86A-F8C89837ECA7}.Debug|x86.ActiveCfg = Debug|Any CPU
		{DC90394C-D680-4046-B86A-F8C89837ECA7}.Debug|x86.Build.0 = Debug|Any CPU
		{DC90394C-D680-4046-B86A-F8C89837ECA7}.Release|Any CPU.ActiveCfg = Release|Any CPU
		{DC90394C-D680-4046-B86A-F8C89837ECA7}.Release|Any CPU.Build.0 = Release|Any CPU
		{DC90394C-D680-4046-B86A-F8C89837ECA7}.Release|ARM.ActiveCfg = Release|Any CPU
		{DC90394C-D680-4046-B86A-F8C89837ECA7}.Release|ARM.Build.0 = Release|Any CPU
		{DC90394C-D680-4046-B86A-F8C89837ECA7}.Release|ARM64.ActiveCfg = Release|Any CPU
		{DC90394C-D680-4046-B86A-F8C89837ECA7}.Release|ARM64.Build.0 = Release|Any CPU
		{DC90394C-D680-4046-B86A-F8C89837ECA7}.Release|iPhone.ActiveCfg = Release|Any CPU
		{DC90394C-D680-4046-B86A-F8C89837ECA7}.Release|iPhone.Build.0 = Release|Any CPU
		{DC90394C-D680-4046-B86A-F8C89837ECA7}.Release|iPhoneSimulator.ActiveCfg = Release|Any CPU
		{DC90394C-D680-4046-B86A-F8C89837ECA7}.Release|iPhoneSimulator.Build.0 = Release|Any CPU
		{DC90394C-D680-4046-B86A-F8C89837ECA7}.Release|x64.ActiveCfg = Release|Any CPU
		{DC90394C-D680-4046-B86A-F8C89837ECA7}.Release|x64.Build.0 = Release|Any CPU
		{DC90394C-D680-4046-B86A-F8C89837ECA7}.Release|x86.ActiveCfg = Release|Any CPU
		{DC90394C-D680-4046-B86A-F8C89837ECA7}.Release|x86.Build.0 = Release|Any CPU
		{C59D9A6C-F5CB-47DC-A017-026D1BE3ADFD}.Debug|Any CPU.ActiveCfg = Debug|Any CPU
		{C59D9A6C-F5CB-47DC-A017-026D1BE3ADFD}.Debug|Any CPU.Build.0 = Debug|Any CPU
		{C59D9A6C-F5CB-47DC-A017-026D1BE3ADFD}.Debug|ARM.ActiveCfg = Debug|Any CPU
		{C59D9A6C-F5CB-47DC-A017-026D1BE3ADFD}.Debug|ARM.Build.0 = Debug|Any CPU
		{C59D9A6C-F5CB-47DC-A017-026D1BE3ADFD}.Debug|ARM64.ActiveCfg = Debug|Any CPU
		{C59D9A6C-F5CB-47DC-A017-026D1BE3ADFD}.Debug|ARM64.Build.0 = Debug|Any CPU
		{C59D9A6C-F5CB-47DC-A017-026D1BE3ADFD}.Debug|iPhone.ActiveCfg = Debug|Any CPU
		{C59D9A6C-F5CB-47DC-A017-026D1BE3ADFD}.Debug|iPhone.Build.0 = Debug|Any CPU
		{C59D9A6C-F5CB-47DC-A017-026D1BE3ADFD}.Debug|iPhoneSimulator.ActiveCfg = Debug|Any CPU
		{C59D9A6C-F5CB-47DC-A017-026D1BE3ADFD}.Debug|iPhoneSimulator.Build.0 = Debug|Any CPU
		{C59D9A6C-F5CB-47DC-A017-026D1BE3ADFD}.Debug|x64.ActiveCfg = Debug|Any CPU
		{C59D9A6C-F5CB-47DC-A017-026D1BE3ADFD}.Debug|x64.Build.0 = Debug|Any CPU
		{C59D9A6C-F5CB-47DC-A017-026D1BE3ADFD}.Debug|x86.ActiveCfg = Debug|Any CPU
		{C59D9A6C-F5CB-47DC-A017-026D1BE3ADFD}.Debug|x86.Build.0 = Debug|Any CPU
		{C59D9A6C-F5CB-47DC-A017-026D1BE3ADFD}.Release|Any CPU.ActiveCfg = Release|Any CPU
		{C59D9A6C-F5CB-47DC-A017-026D1BE3ADFD}.Release|Any CPU.Build.0 = Release|Any CPU
		{C59D9A6C-F5CB-47DC-A017-026D1BE3ADFD}.Release|ARM.ActiveCfg = Release|Any CPU
		{C59D9A6C-F5CB-47DC-A017-026D1BE3ADFD}.Release|ARM.Build.0 = Release|Any CPU
		{C59D9A6C-F5CB-47DC-A017-026D1BE3ADFD}.Release|ARM64.ActiveCfg = Release|Any CPU
		{C59D9A6C-F5CB-47DC-A017-026D1BE3ADFD}.Release|ARM64.Build.0 = Release|Any CPU
		{C59D9A6C-F5CB-47DC-A017-026D1BE3ADFD}.Release|iPhone.ActiveCfg = Release|Any CPU
		{C59D9A6C-F5CB-47DC-A017-026D1BE3ADFD}.Release|iPhone.Build.0 = Release|Any CPU
		{C59D9A6C-F5CB-47DC-A017-026D1BE3ADFD}.Release|iPhoneSimulator.ActiveCfg = Release|Any CPU
		{C59D9A6C-F5CB-47DC-A017-026D1BE3ADFD}.Release|iPhoneSimulator.Build.0 = Release|Any CPU
		{C59D9A6C-F5CB-47DC-A017-026D1BE3ADFD}.Release|x64.ActiveCfg = Release|Any CPU
		{C59D9A6C-F5CB-47DC-A017-026D1BE3ADFD}.Release|x64.Build.0 = Release|Any CPU
		{C59D9A6C-F5CB-47DC-A017-026D1BE3ADFD}.Release|x86.ActiveCfg = Release|Any CPU
		{C59D9A6C-F5CB-47DC-A017-026D1BE3ADFD}.Release|x86.Build.0 = Release|Any CPU
	EndGlobalSection
	GlobalSection(SolutionProperties) = preSolution
		HideSolutionNode = FALSE
	EndGlobalSection
	GlobalSection(NestedProjects) = preSolution
		{18578E46-5B00-4E55-9E37-7A5A1E9FA6E7} = {13295C04-E68A-430E-8CB5-9C8BF1E3AF5B}
		{343C0616-CF7D-4D23-80DE-2935FAD0507D} = {13295C04-E68A-430E-8CB5-9C8BF1E3AF5B}
		{90F5DE8C-E580-4162-8760-0BC28EBCAB7F} = {13295C04-E68A-430E-8CB5-9C8BF1E3AF5B}
		{2189102C-8698-4760-A2C5-ADED686F84E2} = {18578E46-5B00-4E55-9E37-7A5A1E9FA6E7}
		{2D8C6CE8-3D44-42D4-B275-1DF45CCB8520} = {18578E46-5B00-4E55-9E37-7A5A1E9FA6E7}
		{F002617A-5900-4C10-B129-8E9AD205C74B} = {18578E46-5B00-4E55-9E37-7A5A1E9FA6E7}
		{B3D1D1C2-2E8F-4A8C-B47B-8F3F90726DAD} = {18578E46-5B00-4E55-9E37-7A5A1E9FA6E7}
		{5CFAA1E8-800B-4BBC-9DB4-FDD90F238822} = {18578E46-5B00-4E55-9E37-7A5A1E9FA6E7}
		{06B999F8-C758-4AE8-8C1F-B8658114C5B5} = {343C0616-CF7D-4D23-80DE-2935FAD0507D}
		{82824619-6A76-44E9-96D1-17AB1B7E2F43} = {13295C04-E68A-430E-8CB5-9C8BF1E3AF5B}
		{DC90394C-D680-4046-B86A-F8C89837ECA7} = {8FEBC52E-6940-4DD6-A681-6B0C86F7E17B}
		{C59D9A6C-F5CB-47DC-A017-026D1BE3ADFD} = {8FEBC52E-6940-4DD6-A681-6B0C86F7E17B}
	EndGlobalSection
	GlobalSection(ExtensibilityGlobals) = postSolution
		SolutionGuid = {F0E9D4DF-8BB5-4E15-AFE2-C66053EDE3B8}
	EndGlobalSection
EndGlobal
